// !$*UTF8*$!
{
	archiveVersion = 1;
	classes = {
	};
	objectVersion = 46;
	objects = {

/* Begin PBXBuildFile section */
		4282E2171B81111F0042B95A /* main.m in Sources */ = {isa = PBXBuildFile; fileRef = 4282E2161B81111F0042B95A /* main.m */; };
		4282E21A1B81111F0042B95A /* AppDelegate.m in Sources */ = {isa = PBXBuildFile; fileRef = 4282E2191B81111F0042B95A /* AppDelegate.m */; };
		4282E2221B81111F0042B95A /* Images.xcassets in Resources */ = {isa = PBXBuildFile; fileRef = 4282E2211B81111F0042B95A /* Images.xcassets */; };
		4282E2251B81111F0042B95A /* LaunchScreen.xib in Resources */ = {isa = PBXBuildFile; fileRef = 4282E2231B81111F0042B95A /* LaunchScreen.xib */; };
		4282E2311B81111F0042B95A /* BlocstagramTests.m in Sources */ = {isa = PBXBuildFile; fileRef = 4282E2301B81111F0042B95A /* BlocstagramTests.m */; };
		4282E23D1B8115AD0042B95A /* ImagesTableViewController.m in Sources */ = {isa = PBXBuildFile; fileRef = 4282E23C1B8115AD0042B95A /* ImagesTableViewController.m */; };
		4282E2481B8117A70042B95A /* 1.jpg in Resources */ = {isa = PBXBuildFile; fileRef = 4282E23E1B8117A70042B95A /* 1.jpg */; };
		4282E2491B8117A70042B95A /* 2.jpg in Resources */ = {isa = PBXBuildFile; fileRef = 4282E23F1B8117A70042B95A /* 2.jpg */; };
		4282E24A1B8117A70042B95A /* 3.jpg in Resources */ = {isa = PBXBuildFile; fileRef = 4282E2401B8117A70042B95A /* 3.jpg */; };
		4282E24B1B8117A70042B95A /* 4.jpg in Resources */ = {isa = PBXBuildFile; fileRef = 4282E2411B8117A70042B95A /* 4.jpg */; };
		4282E24C1B8117A70042B95A /* 5.jpg in Resources */ = {isa = PBXBuildFile; fileRef = 4282E2421B8117A70042B95A /* 5.jpg */; };
		4282E24D1B8117A70042B95A /* 6.jpg in Resources */ = {isa = PBXBuildFile; fileRef = 4282E2431B8117A70042B95A /* 6.jpg */; };
		4282E24E1B8117A70042B95A /* 7.jpg in Resources */ = {isa = PBXBuildFile; fileRef = 4282E2441B8117A70042B95A /* 7.jpg */; };
		4282E24F1B8117A70042B95A /* 8.jpg in Resources */ = {isa = PBXBuildFile; fileRef = 4282E2451B8117A70042B95A /* 8.jpg */; };
		4282E2501B8117A70042B95A /* 9.jpg in Resources */ = {isa = PBXBuildFile; fileRef = 4282E2461B8117A70042B95A /* 9.jpg */; };
		4282E2511B8117A70042B95A /* 10.jpg in Resources */ = {isa = PBXBuildFile; fileRef = 4282E2471B8117A70042B95A /* 10.jpg */; };
/* End PBXBuildFile section */

/* Begin PBXContainerItemProxy section */
		4282E22B1B81111F0042B95A /* PBXContainerItemProxy */ = {
			isa = PBXContainerItemProxy;
			containerPortal = 4282E2091B81111F0042B95A /* Project object */;
			proxyType = 1;
			remoteGlobalIDString = 4282E2101B81111F0042B95A;
			remoteInfo = Blocstagram;
		};
/* End PBXContainerItemProxy section */

/* Begin PBXFileReference section */
		4282E2111B81111F0042B95A /* Blocstagram.app */ = {isa = PBXFileReference; explicitFileType = wrapper.application; includeInIndex = 0; path = Blocstagram.app; sourceTree = BUILT_PRODUCTS_DIR; };
		4282E2151B81111F0042B95A /* Info.plist */ = {isa = PBXFileReference; lastKnownFileType = text.plist.xml; path = Info.plist; sourceTree = "<group>"; };
		4282E2161B81111F0042B95A /* main.m */ = {isa = PBXFileReference; lastKnownFileType = sourcecode.c.objc; path = main.m; sourceTree = "<group>"; };
		4282E2181B81111F0042B95A /* AppDelegate.h */ = {isa = PBXFileReference; lastKnownFileType = sourcecode.c.h; path = AppDelegate.h; sourceTree = "<group>"; };
		4282E2191B81111F0042B95A /* AppDelegate.m */ = {isa = PBXFileReference; lastKnownFileType = sourcecode.c.objc; path = AppDelegate.m; sourceTree = "<group>"; };
		4282E2211B81111F0042B95A /* Images.xcassets */ = {isa = PBXFileReference; lastKnownFileType = folder.assetcatalog; path = Images.xcassets; sourceTree = "<group>"; };
		4282E2241B81111F0042B95A /* Base */ = {isa = PBXFileReference; lastKnownFileType = file.xib; name = Base; path = Base.lproj/LaunchScreen.xib; sourceTree = "<group>"; };
		4282E22A1B81111F0042B95A /* BlocstagramTests.xctest */ = {isa = PBXFileReference; explicitFileType = wrapper.cfbundle; includeInIndex = 0; path = BlocstagramTests.xctest; sourceTree = BUILT_PRODUCTS_DIR; };
		4282E22F1B81111F0042B95A /* Info.plist */ = {isa = PBXFileReference; lastKnownFileType = text.plist.xml; path = Info.plist; sourceTree = "<group>"; };
		4282E2301B81111F0042B95A /* BlocstagramTests.m */ = {isa = PBXFileReference; lastKnownFileType = sourcecode.c.objc; path = BlocstagramTests.m; sourceTree = "<group>"; };
		4282E23B1B8115AD0042B95A /* ImagesTableViewController.h */ = {isa = PBXFileReference; fileEncoding = 4; lastKnownFileType = sourcecode.c.h; path = ImagesTableViewController.h; sourceTree = "<group>"; };
		4282E23C1B8115AD0042B95A /* ImagesTableViewController.m */ = {isa = PBXFileReference; fileEncoding = 4; lastKnownFileType = sourcecode.c.objc; path = ImagesTableViewController.m; sourceTree = "<group>"; };
		4282E23E1B8117A70042B95A /* 1.jpg */ = {isa = PBXFileReference; lastKnownFileType = image.jpeg; path = 1.jpg; sourceTree = "<group>"; };
		4282E23F1B8117A70042B95A /* 2.jpg */ = {isa = PBXFileReference; lastKnownFileType = image.jpeg; path = 2.jpg; sourceTree = "<group>"; };
		4282E2401B8117A70042B95A /* 3.jpg */ = {isa = PBXFileReference; lastKnownFileType = image.jpeg; path = 3.jpg; sourceTree = "<group>"; };
		4282E2411B8117A70042B95A /* 4.jpg */ = {isa = PBXFileReference; lastKnownFileType = image.jpeg; path = 4.jpg; sourceTree = "<group>"; };
		4282E2421B8117A70042B95A /* 5.jpg */ = {isa = PBXFileReference; lastKnownFileType = image.jpeg; path = 5.jpg; sourceTree = "<group>"; };
		4282E2431B8117A70042B95A /* 6.jpg */ = {isa = PBXFileReference; lastKnownFileType = image.jpeg; path = 6.jpg; sourceTree = "<group>"; };
		4282E2441B8117A70042B95A /* 7.jpg */ = {isa = PBXFileReference; lastKnownFileType = image.jpeg; path = 7.jpg; sourceTree = "<group>"; };
		4282E2451B8117A70042B95A /* 8.jpg */ = {isa = PBXFileReference; lastKnownFileType = image.jpeg; path = 8.jpg; sourceTree = "<group>"; };
		4282E2461B8117A70042B95A /* 9.jpg */ = {isa = PBXFileReference; lastKnownFileType = image.jpeg; path = 9.jpg; sourceTree = "<group>"; };
		4282E2471B8117A70042B95A /* 10.jpg */ = {isa = PBXFileReference; lastKnownFileType = image.jpeg; path = 10.jpg; sourceTree = "<group>"; };
/* End PBXFileReference section */

/* Begin PBXFrameworksBuildPhase section */
		4282E20E1B81111F0042B95A /* Frameworks */ = {
			isa = PBXFrameworksBuildPhase;
			buildActionMask = 2147483647;
			files = (
			);
			runOnlyForDeploymentPostprocessing = 0;
		};
		4282E2271B81111F0042B95A /* Frameworks */ = {
			isa = PBXFrameworksBuildPhase;
			buildActionMask = 2147483647;
			files = (
			);
			runOnlyForDeploymentPostprocessing = 0;
		};
/* End PBXFrameworksBuildPhase section */

/* Begin PBXGroup section */
		4282E2081B81111F0042B95A = {
			isa = PBXGroup;
			children = (
				4282E2131B81111F0042B95A /* Blocstagram */,
				4282E22D1B81111F0042B95A /* BlocstagramTests */,
				4282E2121B81111F0042B95A /* Products */,
			);
			sourceTree = "<group>";
		};
		4282E2121B81111F0042B95A /* Products */ = {
			isa = PBXGroup;
			children = (
				4282E2111B81111F0042B95A /* Blocstagram.app */,
				4282E22A1B81111F0042B95A /* BlocstagramTests.xctest */,
			);
			name = Products;
			sourceTree = "<group>";
		};
		4282E2131B81111F0042B95A /* Blocstagram */ = {
			isa = PBXGroup;
			children = (
				4282E23A1B8113F20042B95A /* Images */,
				4282E2181B81111F0042B95A /* AppDelegate.h */,
				4282E2191B81111F0042B95A /* AppDelegate.m */,
				4282E23B1B8115AD0042B95A /* ImagesTableViewController.h */,
				4282E23C1B8115AD0042B95A /* ImagesTableViewController.m */,
				4282E2211B81111F0042B95A /* Images.xcassets */,
				4282E2231B81111F0042B95A /* LaunchScreen.xib */,
				4282E2141B81111F0042B95A /* Supporting Files */,
			);
			path = Blocstagram;
			sourceTree = "<group>";
		};
		4282E2141B81111F0042B95A /* Supporting Files */ = {
			isa = PBXGroup;
			children = (
				4282E2151B81111F0042B95A /* Info.plist */,
				4282E2161B81111F0042B95A /* main.m */,
			);
			name = "Supporting Files";
			sourceTree = "<group>";
		};
		4282E22D1B81111F0042B95A /* BlocstagramTests */ = {
			isa = PBXGroup;
			children = (
				4282E2301B81111F0042B95A /* BlocstagramTests.m */,
				4282E22E1B81111F0042B95A /* Supporting Files */,
			);
			path = BlocstagramTests;
			sourceTree = "<group>";
		};
		4282E22E1B81111F0042B95A /* Supporting Files */ = {
			isa = PBXGroup;
			children = (
				4282E22F1B81111F0042B95A /* Info.plist */,
			);
			name = "Supporting Files";
			sourceTree = "<group>";
		};
		4282E23A1B8113F20042B95A /* Images */ = {
			isa = PBXGroup;
			children = (
				4282E23E1B8117A70042B95A /* 1.jpg */,
				4282E23F1B8117A70042B95A /* 2.jpg */,
				4282E2401B8117A70042B95A /* 3.jpg */,
				4282E2411B8117A70042B95A /* 4.jpg */,
				4282E2421B8117A70042B95A /* 5.jpg */,
				4282E2431B8117A70042B95A /* 6.jpg */,
				4282E2441B8117A70042B95A /* 7.jpg */,
				4282E2451B8117A70042B95A /* 8.jpg */,
				4282E2461B8117A70042B95A /* 9.jpg */,
				4282E2471B8117A70042B95A /* 10.jpg */,
			);
			name = Images;
			sourceTree = "<group>";
		};
/* End PBXGroup section */

/* Begin PBXNativeTarget section */
		4282E2101B81111F0042B95A /* Blocstagram */ = {
			isa = PBXNativeTarget;
			buildConfigurationList = 4282E2341B81111F0042B95A /* Build configuration list for PBXNativeTarget "Blocstagram" */;
			buildPhases = (
				4282E20D1B81111F0042B95A /* Sources */,
				4282E20E1B81111F0042B95A /* Frameworks */,
				4282E20F1B81111F0042B95A /* Resources */,
			);
			buildRules = (
			);
			dependencies = (
			);
			name = Blocstagram;
			productName = Blocstagram;
			productReference = 4282E2111B81111F0042B95A /* Blocstagram.app */;
			productType = "com.apple.product-type.application";
		};
		4282E2291B81111F0042B95A /* BlocstagramTests */ = {
			isa = PBXNativeTarget;
			buildConfigurationList = 4282E2371B81111F0042B95A /* Build configuration list for PBXNativeTarget "BlocstagramTests" */;
			buildPhases = (
				4282E2261B81111F0042B95A /* Sources */,
				4282E2271B81111F0042B95A /* Frameworks */,
				4282E2281B81111F0042B95A /* Resources */,
			);
			buildRules = (
			);
			dependencies = (
				4282E22C1B81111F0042B95A /* PBXTargetDependency */,
			);
			name = BlocstagramTests;
			productName = BlocstagramTests;
			productReference = 4282E22A1B81111F0042B95A /* BlocstagramTests.xctest */;
			productType = "com.apple.product-type.bundle.unit-test";
		};
/* End PBXNativeTarget section */

/* Begin PBXProject section */
		4282E2091B81111F0042B95A /* Project object */ = {
			isa = PBXProject;
			attributes = {
				LastUpgradeCheck = 0640;
				ORGANIZATIONNAME = "Joshua Novak";
				TargetAttributes = {
					4282E2101B81111F0042B95A = {
						CreatedOnToolsVersion = 6.4;
					};
					4282E2291B81111F0042B95A = {
						CreatedOnToolsVersion = 6.4;
						TestTargetID = 4282E2101B81111F0042B95A;
					};
				};
			};
			buildConfigurationList = 4282E20C1B81111F0042B95A /* Build configuration list for PBXProject "Blocstagram" */;
			compatibilityVersion = "Xcode 3.2";
			developmentRegion = English;
			hasScannedForEncodings = 0;
			knownRegions = (
				en,
				Base,
			);
			mainGroup = 4282E2081B81111F0042B95A;
			productRefGroup = 4282E2121B81111F0042B95A /* Products */;
			projectDirPath = "";
			projectRoot = "";
			targets = (
				4282E2101B81111F0042B95A /* Blocstagram */,
				4282E2291B81111F0042B95A /* BlocstagramTests */,
			);
		};
/* End PBXProject section */

/* Begin PBXResourcesBuildPhase section */
		4282E20F1B81111F0042B95A /* Resources */ = {
			isa = PBXResourcesBuildPhase;
			buildActionMask = 2147483647;
			files = (
				4282E2501B8117A70042B95A /* 9.jpg in Resources */,
				4282E24F1B8117A70042B95A /* 8.jpg in Resources */,
				4282E24B1B8117A70042B95A /* 4.jpg in Resources */,
				4282E24A1B8117A70042B95A /* 3.jpg in Resources */,
				4282E24D1B8117A70042B95A /* 6.jpg in Resources */,
				4282E2481B8117A70042B95A /* 1.jpg in Resources */,
				4282E2251B81111F0042B95A /* LaunchScreen.xib in Resources */,
				4282E24C1B8117A70042B95A /* 5.jpg in Resources */,
				4282E24E1B8117A70042B95A /* 7.jpg in Resources */,
				4282E2491B8117A70042B95A /* 2.jpg in Resources */,
				4282E2511B8117A70042B95A /* 10.jpg in Resources */,
				4282E2221B81111F0042B95A /* Images.xcassets in Resources */,
			);
			runOnlyForDeploymentPostprocessing = 0;
		};
		4282E2281B81111F0042B95A /* Resources */ = {
			isa = PBXResourcesBuildPhase;
			buildActionMask = 2147483647;
			files = (
			);
			runOnlyForDeploymentPostprocessing = 0;
		};
/* End PBXResourcesBuildPhase section */

/* Begin PBXSourcesBuildPhase section */
		4282E20D1B81111F0042B95A /* Sources */ = {
			isa = PBXSourcesBuildPhase;
			buildActionMask = 2147483647;
			files = (
				4282E21A1B81111F0042B95A /* AppDelegate.m in Sources */,
				4282E2171B81111F0042B95A /* main.m in Sources */,
				4282E23D1B8115AD0042B95A /* ImagesTableViewController.m in Sources */,
			);
			runOnlyForDeploymentPostprocessing = 0;
		};
		4282E2261B81111F0042B95A /* Sources */ = {
			isa = PBXSourcesBuildPhase;
			buildActionMask = 2147483647;
			files = (
				4282E2311B81111F0042B95A /* BlocstagramTests.m in Sources */,
			);
			runOnlyForDeploymentPostprocessing = 0;
		};
/* End PBXSourcesBuildPhase section */

/* Begin PBXTargetDependency section */
		4282E22C1B81111F0042B95A /* PBXTargetDependency */ = {
			isa = PBXTargetDependency;
			target = 4282E2101B81111F0042B95A /* Blocstagram */;
			targetProxy = 4282E22B1B81111F0042B95A /* PBXContainerItemProxy */;
		};
/* End PBXTargetDependency section */

/* Begin PBXVariantGroup section */
		4282E2231B81111F0042B95A /* LaunchScreen.xib */ = {
			isa = PBXVariantGroup;
			children = (
				4282E2241B81111F0042B95A /* Base */,
			);
			name = LaunchScreen.xib;
			sourceTree = "<group>";
		};
/* End PBXVariantGroup section */

/* Begin XCBuildConfiguration section */
		4282E2321B81111F0042B95A /* Debug */ = {
			isa = XCBuildConfiguration;
			buildSettings = {
				ALWAYS_SEARCH_USER_PATHS = NO;
				CLANG_CXX_LANGUAGE_STANDARD = "gnu++0x";
				CLANG_CXX_LIBRARY = "libc++";
				CLANG_ENABLE_MODULES = YES;
				CLANG_ENABLE_OBJC_ARC = YES;
				CLANG_WARN_BOOL_CONVERSION = YES;
				CLANG_WARN_CONSTANT_CONVERSION = YES;
				CLANG_WARN_DIRECT_OBJC_ISA_USAGE = YES_ERROR;
				CLANG_WARN_EMPTY_BODY = YES;
				CLANG_WARN_ENUM_CONVERSION = YES;
				CLANG_WARN_INT_CONVERSION = YES;
				CLANG_WARN_OBJC_ROOT_CLASS = YES_ERROR;
				CLANG_WARN_UNREACHABLE_CODE = YES;
				CLANG_WARN__DUPLICATE_METHOD_MATCH = YES;
				"CODE_SIGN_IDENTITY[sdk=iphoneos*]" = "iPhone Developer";
				COPY_PHASE_STRIP = NO;
				DEBUG_INFORMATION_FORMAT = "dwarf-with-dsym";
				ENABLE_STRICT_OBJC_MSGSEND = YES;
				GCC_C_LANGUAGE_STANDARD = gnu99;
				GCC_DYNAMIC_NO_PIC = NO;
				GCC_NO_COMMON_BLOCKS = YES;
				GCC_OPTIMIZATION_LEVEL = 0;
				GCC_PREPROCESSOR_DEFINITIONS = (
					"DEBUG=1",
					"$(inherited)",
				);
				GCC_SYMBOLS_PRIVATE_EXTERN = NO;
				GCC_WARN_64_TO_32_BIT_CONVERSION = YES;
				GCC_WARN_ABOUT_RETURN_TYPE = YES_ERROR;
				GCC_WARN_UNDECLARED_SELECTOR = YES;
				GCC_WARN_UNINITIALIZED_AUTOS = YES_AGGRESSIVE;
				GCC_WARN_UNUSED_FUNCTION = YES;
				GCC_WARN_UNUSED_VARIABLE = YES;
				IPHONEOS_DEPLOYMENT_TARGET = 8.4;
				MTL_ENABLE_DEBUG_INFO = YES;
				ONLY_ACTIVE_ARCH = YES;
				SDKROOT = iphoneos;
				TARGETED_DEVICE_FAMILY = "1,2";
			};
			name = Debug;
		};
		4282E2331B81111F0042B95A /* Release */ = {
			isa = XCBuildConfiguration;
			buildSettings = {
				ALWAYS_SEARCH_USER_PATHS = NO;
				CLANG_CXX_LANGUAGE_STANDARD = "gnu++0x";
				CLANG_CXX_LIBRARY = "libc++";
				CLANG_ENABLE_MODULES = YES;
				CLANG_ENABLE_OBJC_ARC = YES;
				CLANG_WARN_BOOL_CONVERSION = YES;
				CLANG_WARN_CONSTANT_CONVERSION = YES;
				CLANG_WARN_DIRECT_OBJC_ISA_USAGE = YES_ERROR;
				CLANG_WARN_EMPTY_BODY = YES;
				CLANG_WARN_ENUM_CONVERSION = YES;
				CLANG_WARN_INT_CONVERSION = YES;
				CLANG_WARN_OBJC_ROOT_CLASS = YES_ERROR;
				CLANG_WARN_UNREACHABLE_CODE = YES;
				CLANG_WARN__DUPLICATE_METHOD_MATCH = YES;
				"CODE_SIGN_IDENTITY[sdk=iphoneos*]" = "iPhone Developer";
				COPY_PHASE_STRIP = NO;
				DEBUG_INFORMATION_FORMAT = "dwarf-with-dsym";
				ENABLE_NS_ASSERTIONS = NO;
				ENABLE_STRICT_OBJC_MSGSEND = YES;
				GCC_C_LANGUAGE_STANDARD = gnu99;
				GCC_NO_COMMON_BLOCKS = YES;
				GCC_WARN_64_TO_32_BIT_CONVERSION = YES;
				GCC_WARN_ABOUT_RETURN_TYPE = YES_ERROR;
				GCC_WARN_UNDECLARED_SELECTOR = YES;
				GCC_WARN_UNINITIALIZED_AUTOS = YES_AGGRESSIVE;
				GCC_WARN_UNUSED_FUNCTION = YES;
				GCC_WARN_UNUSED_VARIABLE = YES;
				IPHONEOS_DEPLOYMENT_TARGET = 8.4;
				MTL_ENABLE_DEBUG_INFO = NO;
				SDKROOT = iphoneos;
				TARGETED_DEVICE_FAMILY = "1,2";
				VALIDATE_PRODUCT = YES;
			};
			name = Release;
		};
		4282E2351B81111F0042B95A /* Debug */ = {
			isa = XCBuildConfiguration;
			buildSettings = {
				ASSETCATALOG_COMPILER_APPICON_NAME = AppIcon;
				INFOPLIST_FILE = Blocstagram/Info.plist;
				LD_RUNPATH_SEARCH_PATHS = "$(inherited) @executable_path/Frameworks";
				PRODUCT_NAME = "$(TARGET_NAME)";
			};
			name = Debug;
		};
		4282E2361B81111F0042B95A /* Release */ = {
			isa = XCBuildConfiguration;
			buildSettings = {
				ASSETCATALOG_COMPILER_APPICON_NAME = AppIcon;
				INFOPLIST_FILE = Blocstagram/Info.plist;
				LD_RUNPATH_SEARCH_PATHS = "$(inherited) @executable_path/Frameworks";
				PRODUCT_NAME = "$(TARGET_NAME)";
			};
			name = Release;
		};
		4282E2381B81111F0042B95A /* Debug */ = {
			isa = XCBuildConfiguration;
			buildSettings = {
				BUNDLE_LOADER = "$(TEST_HOST)";
				FRAMEWORK_SEARCH_PATHS = (
					"$(SDKROOT)/Developer/Library/Frameworks",
					"$(inherited)",
				);
				GCC_PREPROCESSOR_DEFINITIONS = (
					"DEBUG=1",
					"$(inherited)",
				);
				INFOPLIST_FILE = BlocstagramTests/Info.plist;
				LD_RUNPATH_SEARCH_PATHS = "$(inherited) @executable_path/Frameworks @loader_path/Frameworks";
				PRODUCT_NAME = "$(TARGET_NAME)";
				TEST_HOST = "$(BUILT_PRODUCTS_DIR)/Blocstagram.app/Blocstagram";
			};
			name = Debug;
		};
		4282E2391B81111F0042B95A /* Release */ = {
			isa = XCBuildConfiguration;
			buildSettings = {
				BUNDLE_LOADER = "$(TEST_HOST)";
				FRAMEWORK_SEARCH_PATHS = (
					"$(SDKROOT)/Developer/Library/Frameworks",
					"$(inherited)",
				);
				INFOPLIST_FILE = BlocstagramTests/Info.plist;
				LD_RUNPATH_SEARCH_PATHS = "$(inherited) @executable_path/Frameworks @loader_path/Frameworks";
				PRODUCT_NAME = "$(TARGET_NAME)";
				TEST_HOST = "$(BUILT_PRODUCTS_DIR)/Blocstagram.app/Blocstagram";
			};
			name = Release;
		};
/* End XCBuildConfiguration section */

/* Begin XCConfigurationList section */
		4282E20C1B81111F0042B95A /* Build configuration list for PBXProject "Blocstagram" */ = {
			isa = XCConfigurationList;
			buildConfigurations = (
				4282E2321B81111F0042B95A /* Debug */,
				4282E2331B81111F0042B95A /* Release */,
			);
			defaultConfigurationIsVisible = 0;
			defaultConfigurationName = Release;
		};
		4282E2341B81111F0042B95A /* Build configuration list for PBXNativeTarget "Blocstagram" */ = {
			isa = XCConfigurationList;
			buildConfigurations = (
				4282E2351B81111F0042B95A /* Debug */,
				4282E2361B81111F0042B95A /* Release */,
			);
			defaultConfigurationIsVisible = 0;
		};
		4282E2371B81111F0042B95A /* Build configuration list for PBXNativeTarget "BlocstagramTests" */ = {
			isa = XCConfigurationList;
			buildConfigurations = (
				4282E2381B81111F0042B95A /* Debug */,
				4282E2391B81111F0042B95A /* Release */,
			);
			defaultConfigurationIsVisible = 0;
		};
/* End XCConfigurationList section */
	};
	rootObject = 4282E2091B81111F0042B95A /* Project object */;
}
